{
  "name": "xbox-360-companion",
  "version": "2.12.108",
  "lockfileVersion": 3,
  "requires": true,
  "packages": {
    "": {
      "name": "xbox-360-companion",
      "version": "2.12.108",
      "hasInstallScript": true,
      "devDependencies": {},
      "engines": {
        "node": ">=18"
      }
    }
  }
}
